
Microsoft Visual Studio Solution File, Format Version 12.00
# Visual Studio Version 16
VisualStudioVersion = 16.0.33130.400
MinimumVisualStudioVersion = 10.0.40219.1
Project("{FAE04EC0-301F-11D3-BF4B-00C04F79EFBC}") = "mission9_nconrad3", "mission9_nconrad3\mission9_nconrad3.csproj", "{B3742FB9-F8EE-48D5-9CA7-68EA90F084DE}"
EndProject
Global
	GlobalSection(SolutionConfigurationPlatforms) = preSolution
		Debug|Any CPU = Debug|Any CPU
		Release|Any CPU = Release|Any CPU
	EndGlobalSection
	GlobalSection(ProjectConfigurationPlatforms) = postSolution
		{B3742FB9-F8EE-48D5-9CA7-68EA90F084DE}.Debug|Any CPU.ActiveCfg = Debug|Any CPU
		{B3742FB9-F8EE-48D5-9CA7-68EA90F084DE}.Debug|Any CPU.Build.0 = Debug|Any CPU
		{B3742FB9-F8EE-48D5-9CA7-68EA90F084DE}.Release|Any CPU.ActiveCfg = Release|Any CPU
		{B3742FB9-F8EE-48D5-9CA7-68EA90F084DE}.Release|Any CPU.Build.0 = Release|Any CPU
	EndGlobalSection
	GlobalSection(SolutionProperties) = preSolution
		HideSolutionNode = FALSE
	EndGlobalSection
	GlobalSection(ExtensibilityGlobals) = postSolution
		SolutionGuid = {2A27FBE9-3BC8-4CAF-9646-2A81E45A6B3E}
	EndGlobalSection
EndGlobal
